// !$*UTF8*$!
{
	archiveVersion = 1;
	classes = {
	};
	objectVersion = 56;
	objects = {

/* Begin PBXBuildFile section */
		3F1343322ACC2B4F001FE7EA /* DatePickHalfView.swift in Sources */ = {isa = PBXBuildFile; fileRef = 3F1343312ACC2B4F001FE7EA /* DatePickHalfView.swift */; };
		3F1343542ACCF7EF001FE7EA /* GoogleService-Info.plist in Resources */ = {isa = PBXBuildFile; fileRef = 3F1343532ACCF7EF001FE7EA /* GoogleService-Info.plist */; };
		3F1343572ACCF967001FE7EA /* FirebaseAnalyticsWithoutAdIdSupport in Frameworks */ = {isa = PBXBuildFile; productRef = 3F1343562ACCF967001FE7EA /* FirebaseAnalyticsWithoutAdIdSupport */; };
		3F1343592ACCF967001FE7EA /* FirebaseCrashlytics in Frameworks */ = {isa = PBXBuildFile; productRef = 3F1343582ACCF967001FE7EA /* FirebaseCrashlytics */; };
		3F13435F2ACFA87D001FE7EA /* ClassManagementViewController.swift in Sources */ = {isa = PBXBuildFile; fileRef = 3F13435E2ACFA87D001FE7EA /* ClassManagementViewController.swift */; };
		3F1343612ACFA889001FE7EA /* ClassManagementView.swift in Sources */ = {isa = PBXBuildFile; fileRef = 3F1343602ACFA889001FE7EA /* ClassManagementView.swift */; };
		3F1343672AD29A51001FE7EA /* EditStudentView.swift in Sources */ = {isa = PBXBuildFile; fileRef = 3F1343662AD29A51001FE7EA /* EditStudentView.swift */; };
		3F13436A2AD29C2B001FE7EA /* EditClassView.swift in Sources */ = {isa = PBXBuildFile; fileRef = 3F1343692AD29C2B001FE7EA /* EditClassView.swift */; };
		3F1343772AD6C30C001FE7EA /* EditStudentViewController.swift in Sources */ = {isa = PBXBuildFile; fileRef = 3F1343762AD6C30C001FE7EA /* EditStudentViewController.swift */; };
		3F21B3A62B6A4E2F00BF67F7 /* Splash.png in Resources */ = {isa = PBXBuildFile; fileRef = 3F21B3A52B6A4E2F00BF67F7 /* Splash.png */; };
		3F21E5212B60F3000060F8E8 /* CalendarDetailViewController.swift in Sources */ = {isa = PBXBuildFile; fileRef = 3F21E5202B60F3000060F8E8 /* CalendarDetailViewController.swift */; };
		3F4F175E2AD9749D00F04DF1 /* StudentListViewController.swift in Sources */ = {isa = PBXBuildFile; fileRef = 3F4F175D2AD9749D00F04DF1 /* StudentListViewController.swift */; };
		3F4F17622AE1792800F04DF1 /* EditStudentViewModel.swift in Sources */ = {isa = PBXBuildFile; fileRef = 3F4F17612AE1792800F04DF1 /* EditStudentViewModel.swift */; };
		3F4F17642AE1807F00F04DF1 /* Observable.swift in Sources */ = {isa = PBXBuildFile; fileRef = 3F4F17632AE1807F00F04DF1 /* Observable.swift */; };
		3F4F17662AE2AAAB00F04DF1 /* StudentManagementViewModel.swift in Sources */ = {isa = PBXBuildFile; fileRef = 3F4F17652AE2AAAB00F04DF1 /* StudentManagementViewModel.swift */; };
		3F4F17692AE2DF8100F04DF1 /* StudentTable.swift in Sources */ = {isa = PBXBuildFile; fileRef = 3F4F17682AE2DF8100F04DF1 /* StudentTable.swift */; };
		3F4F176B2AE2DFCB00F04DF1 /* ClassTable.swift in Sources */ = {isa = PBXBuildFile; fileRef = 3F4F176A2AE2DFCB00F04DF1 /* ClassTable.swift */; };
		3F4F176D2AE2DFEA00F04DF1 /* ScheduleTable.swift in Sources */ = {isa = PBXBuildFile; fileRef = 3F4F176C2AE2DFEA00F04DF1 /* ScheduleTable.swift */; };
		3F4F176F2AE2DFF800F04DF1 /* CalendarTable.swift in Sources */ = {isa = PBXBuildFile; fileRef = 3F4F176E2AE2DFF800F04DF1 /* CalendarTable.swift */; };
		3F4F17712AE2E0C800F04DF1 /* ClassManagementViewModel.swift in Sources */ = {isa = PBXBuildFile; fileRef = 3F4F17702AE2E0C800F04DF1 /* ClassManagementViewModel.swift */; };
		3F4F17732AE2E4AE00F04DF1 /* EditClassViewModel.swift in Sources */ = {isa = PBXBuildFile; fileRef = 3F4F17722AE2E4AE00F04DF1 /* EditClassViewModel.swift */; };
		3F4F17762AE2EEA300F04DF1 /* CalendarViewModel.swift in Sources */ = {isa = PBXBuildFile; fileRef = 3F4F17752AE2EEA300F04DF1 /* CalendarViewModel.swift */; };
		3F4F17862AE5998D00F04DF1 /* EditType.swift in Sources */ = {isa = PBXBuildFile; fileRef = 3F4F17852AE5998D00F04DF1 /* EditType.swift */; };
		3F4F178B2AE59CF200F04DF1 /* RealmErrorType.swift in Sources */ = {isa = PBXBuildFile; fileRef = 3F4F178A2AE59CF200F04DF1 /* RealmErrorType.swift */; };
		3F4F17902AE5B40100F04DF1 /* AlertMessageType.swift in Sources */ = {isa = PBXBuildFile; fileRef = 3F4F178F2AE5B40100F04DF1 /* AlertMessageType.swift */; };
		3F8577DF2AF60F01004B988E /* StudentTableViewCell.swift in Sources */ = {isa = PBXBuildFile; fileRef = 3F8577DE2AF60F01004B988E /* StudentTableViewCell.swift */; };
		3F8E48312B08E94D0083B49C /* UIViewController+Extension.swift in Sources */ = {isa = PBXBuildFile; fileRef = 3F8E482A2B08E94D0083B49C /* UIViewController+Extension.swift */; };
		3F8E48322B08E94D0083B49C /* UIAlertController+Extension.swift in Sources */ = {isa = PBXBuildFile; fileRef = 3F8E482B2B08E94D0083B49C /* UIAlertController+Extension.swift */; };
		3F8E48332B08E94D0083B49C /* String+Extension.swift in Sources */ = {isa = PBXBuildFile; fileRef = 3F8E482C2B08E94D0083B49C /* String+Extension.swift */; };
		3F8E48342B08E94D0083B49C /* Component.swift in Sources */ = {isa = PBXBuildFile; fileRef = 3F8E482D2B08E94D0083B49C /* Component.swift */; };
		3F8E48352B08E94D0083B49C /* UIButton+Extension.swift in Sources */ = {isa = PBXBuildFile; fileRef = 3F8E482E2B08E94D0083B49C /* UIButton+Extension.swift */; };
		3F8E48362B08E94D0083B49C /* Date+Extension.swift in Sources */ = {isa = PBXBuildFile; fileRef = 3F8E482F2B08E94D0083B49C /* Date+Extension.swift */; };
		3F8E48372B08E94D0083B49C /* UITextField+Extension.swift in Sources */ = {isa = PBXBuildFile; fileRef = 3F8E48302B08E94D0083B49C /* UITextField+Extension.swift */; };
		3F8E48392B08EA290083B49C /* NotificaationName+Extention.swift in Sources */ = {isa = PBXBuildFile; fileRef = 3F8E48382B08EA290083B49C /* NotificaationName+Extention.swift */; };
		3F9928E62B616A0E00F3DF59 /* CalendarDetailVIew.swift in Sources */ = {isa = PBXBuildFile; fileRef = 3F9928E52B616A0E00F3DF59 /* CalendarDetailVIew.swift */; };
		3F9928E82B616B5000F3DF59 /* CalendarDetailViewModel.swift in Sources */ = {isa = PBXBuildFile; fileRef = 3F9928E72B616B5000F3DF59 /* CalendarDetailViewModel.swift */; };
		3F9928EC2B6172C800F3DF59 /* Pretendard-Medium.ttf in Resources */ = {isa = PBXBuildFile; fileRef = 3F9928EA2B6172C800F3DF59 /* Pretendard-Medium.ttf */; };
		3F9928ED2B6172C800F3DF59 /* Pretendard-Bold.ttf in Resources */ = {isa = PBXBuildFile; fileRef = 3F9928EB2B6172C800F3DF59 /* Pretendard-Bold.ttf */; };
		3F9928EF2B61795100F3DF59 /* TextFieldView.swift in Sources */ = {isa = PBXBuildFile; fileRef = 3F9928EE2B61795100F3DF59 /* TextFieldView.swift */; };
		3F9928F12B617C9100F3DF59 /* TextButtonView.swift in Sources */ = {isa = PBXBuildFile; fileRef = 3F9928F02B617C9100F3DF59 /* TextButtonView.swift */; };
		3F99FE2F2B08FB4400955171 /* AppVersionCheck.swift in Sources */ = {isa = PBXBuildFile; fileRef = 3F99FE2E2B08FB4400955171 /* AppVersionCheck.swift */; };
		3FB8DB3D2AC46D4700BFCD46 /* AppDelegate.swift in Sources */ = {isa = PBXBuildFile; fileRef = 3FB8DB3C2AC46D4700BFCD46 /* AppDelegate.swift */; };
		3FB8DB3F2AC46D4700BFCD46 /* SceneDelegate.swift in Sources */ = {isa = PBXBuildFile; fileRef = 3FB8DB3E2AC46D4700BFCD46 /* SceneDelegate.swift */; };
		3FB8DB412AC46D4700BFCD46 /* TabBarViewController.swift in Sources */ = {isa = PBXBuildFile; fileRef = 3FB8DB402AC46D4700BFCD46 /* TabBarViewController.swift */; };
		3FB8DB462AC46D4800BFCD46 /* Assets.xcassets in Resources */ = {isa = PBXBuildFile; fileRef = 3FB8DB452AC46D4800BFCD46 /* Assets.xcassets */; };
		3FB8DB492AC46D4800BFCD46 /* LaunchScreen.storyboard in Resources */ = {isa = PBXBuildFile; fileRef = 3FB8DB472AC46D4800BFCD46 /* LaunchScreen.storyboard */; };
		3FB8DB522AC4712900BFCD46 /* Localizable.strings in Resources */ = {isa = PBXBuildFile; fileRef = 3FB8DB542AC4712900BFCD46 /* Localizable.strings */; };
		3FB8DB5E2AC475B400BFCD46 /* BaseView.swift in Sources */ = {isa = PBXBuildFile; fileRef = 3FB8DB5D2AC475B400BFCD46 /* BaseView.swift */; };
		3FB8DB612AC47A6500BFCD46 /* CalendarViewController.swift in Sources */ = {isa = PBXBuildFile; fileRef = 3FB8DB602AC47A6500BFCD46 /* CalendarViewController.swift */; };
		3FB8DB632AC47A8500BFCD46 /* CalendarView.swift in Sources */ = {isa = PBXBuildFile; fileRef = 3FB8DB622AC47A8500BFCD46 /* CalendarView.swift */; };
		3FB8DB672AC47B0400BFCD46 /* FSCalendar in Frameworks */ = {isa = PBXBuildFile; productRef = 3FB8DB662AC47B0400BFCD46 /* FSCalendar */; };
		3FB8DB6E2AC764B700BFCD46 /* StudentManagementViewController.swift in Sources */ = {isa = PBXBuildFile; fileRef = 3FB8DB6D2AC764B700BFCD46 /* StudentManagementViewController.swift */; };
		3FB8DB702AC764C100BFCD46 /* StudentManagementView.swift in Sources */ = {isa = PBXBuildFile; fileRef = 3FB8DB6F2AC764C100BFCD46 /* StudentManagementView.swift */; };
		3FB8DB782AC76CD100BFCD46 /* EditClassViewController.swift in Sources */ = {isa = PBXBuildFile; fileRef = 3FB8DB772AC76CD100BFCD46 /* EditClassViewController.swift */; };
		3FB8DB7B2AC76D6900BFCD46 /* TextFieldEffects in Frameworks */ = {isa = PBXBuildFile; productRef = 3FB8DB7A2AC76D6900BFCD46 /* TextFieldEffects */; };
		3FB8DB7E2ACA406800BFCD46 /* RealmSwift in Frameworks */ = {isa = PBXBuildFile; productRef = 3FB8DB7D2ACA406800BFCD46 /* RealmSwift */; };
		3FB8DB822ACA452000BFCD46 /* RealmRepository.swift in Sources */ = {isa = PBXBuildFile; fileRef = 3FB8DB812ACA452000BFCD46 /* RealmRepository.swift */; };
		3FBF0A962B09292100C3D620 /* Toast in Frameworks */ = {isa = PBXBuildFile; productRef = 3FBF0A952B09292100C3D620 /* Toast */; };
		3FBF0A982B092D3C00C3D620 /* CustomToast.swift in Sources */ = {isa = PBXBuildFile; fileRef = 3FBF0A972B092D3C00C3D620 /* CustomToast.swift */; };
		3FEADDB32AE9AA6C00FB6254 /* Settings.bundle in Resources */ = {isa = PBXBuildFile; fileRef = 3FEADDB22AE9AA6C00FB6254 /* Settings.bundle */; };
		3FEADDB92AEB98D900FB6254 /* InfoPlist.strings in Resources */ = {isa = PBXBuildFile; fileRef = 3FEADDBB2AEB98D900FB6254 /* InfoPlist.strings */; };
		3FEADDC12AEECA9A00FB6254 /* SnapKit in Frameworks */ = {isa = PBXBuildFile; productRef = 3FEADDC02AEECA9A00FB6254 /* SnapKit */; };
		3FEADDCF2AF2A36A00FB6254 /* CalendarTableViewCell.swift in Sources */ = {isa = PBXBuildFile; fileRef = 3FEADDCD2AF2A36A00FB6254 /* CalendarTableViewCell.swift */; };
		3FED64302B67E07600998089 /* Pretendard-SemiBold.ttf in Resources */ = {isa = PBXBuildFile; fileRef = 3FED642F2B67E07600998089 /* Pretendard-SemiBold.ttf */; };
/* End PBXBuildFile section */

/* Begin PBXFileReference section */
		3F1343312ACC2B4F001FE7EA /* DatePickHalfView.swift */ = {isa = PBXFileReference; lastKnownFileType = sourcecode.swift; path = DatePickHalfView.swift; sourceTree = "<group>"; };
		3F1343532ACCF7EF001FE7EA /* GoogleService-Info.plist */ = {isa = PBXFileReference; fileEncoding = 4; lastKnownFileType = text.plist.xml; path = "GoogleService-Info.plist"; sourceTree = "<group>"; };
		3F13435E2ACFA87D001FE7EA /* ClassManagementViewController.swift */ = {isa = PBXFileReference; lastKnownFileType = sourcecode.swift; path = ClassManagementViewController.swift; sourceTree = "<group>"; };
		3F1343602ACFA889001FE7EA /* ClassManagementView.swift */ = {isa = PBXFileReference; lastKnownFileType = sourcecode.swift; path = ClassManagementView.swift; sourceTree = "<group>"; };
		3F1343662AD29A51001FE7EA /* EditStudentView.swift */ = {isa = PBXFileReference; lastKnownFileType = sourcecode.swift; path = EditStudentView.swift; sourceTree = "<group>"; };
		3F1343692AD29C2B001FE7EA /* EditClassView.swift */ = {isa = PBXFileReference; lastKnownFileType = sourcecode.swift; path = EditClassView.swift; sourceTree = "<group>"; };
		3F1343762AD6C30C001FE7EA /* EditStudentViewController.swift */ = {isa = PBXFileReference; lastKnownFileType = sourcecode.swift; path = EditStudentViewController.swift; sourceTree = "<group>"; };
		3F21B3A52B6A4E2F00BF67F7 /* Splash.png */ = {isa = PBXFileReference; lastKnownFileType = image.png; path = Splash.png; sourceTree = "<group>"; };
		3F21E5202B60F3000060F8E8 /* CalendarDetailViewController.swift */ = {isa = PBXFileReference; lastKnownFileType = sourcecode.swift; path = CalendarDetailViewController.swift; sourceTree = "<group>"; };
		3F4F175D2AD9749D00F04DF1 /* StudentListViewController.swift */ = {isa = PBXFileReference; lastKnownFileType = sourcecode.swift; path = StudentListViewController.swift; sourceTree = "<group>"; };
		3F4F17612AE1792800F04DF1 /* EditStudentViewModel.swift */ = {isa = PBXFileReference; lastKnownFileType = sourcecode.swift; path = EditStudentViewModel.swift; sourceTree = "<group>"; };
		3F4F17632AE1807F00F04DF1 /* Observable.swift */ = {isa = PBXFileReference; lastKnownFileType = sourcecode.swift; path = Observable.swift; sourceTree = "<group>"; };
		3F4F17652AE2AAAB00F04DF1 /* StudentManagementViewModel.swift */ = {isa = PBXFileReference; lastKnownFileType = sourcecode.swift; path = StudentManagementViewModel.swift; sourceTree = "<group>"; };
		3F4F17682AE2DF8100F04DF1 /* StudentTable.swift */ = {isa = PBXFileReference; lastKnownFileType = sourcecode.swift; path = StudentTable.swift; sourceTree = "<group>"; };
		3F4F176A2AE2DFCB00F04DF1 /* ClassTable.swift */ = {isa = PBXFileReference; lastKnownFileType = sourcecode.swift; path = ClassTable.swift; sourceTree = "<group>"; };
		3F4F176C2AE2DFEA00F04DF1 /* ScheduleTable.swift */ = {isa = PBXFileReference; lastKnownFileType = sourcecode.swift; path = ScheduleTable.swift; sourceTree = "<group>"; };
		3F4F176E2AE2DFF800F04DF1 /* CalendarTable.swift */ = {isa = PBXFileReference; lastKnownFileType = sourcecode.swift; path = CalendarTable.swift; sourceTree = "<group>"; };
		3F4F17702AE2E0C800F04DF1 /* ClassManagementViewModel.swift */ = {isa = PBXFileReference; lastKnownFileType = sourcecode.swift; path = ClassManagementViewModel.swift; sourceTree = "<group>"; };
		3F4F17722AE2E4AE00F04DF1 /* EditClassViewModel.swift */ = {isa = PBXFileReference; lastKnownFileType = sourcecode.swift; path = EditClassViewModel.swift; sourceTree = "<group>"; };
		3F4F17752AE2EEA300F04DF1 /* CalendarViewModel.swift */ = {isa = PBXFileReference; lastKnownFileType = sourcecode.swift; path = CalendarViewModel.swift; sourceTree = "<group>"; };
		3F4F17852AE5998D00F04DF1 /* EditType.swift */ = {isa = PBXFileReference; lastKnownFileType = sourcecode.swift; path = EditType.swift; sourceTree = "<group>"; };
		3F4F178A2AE59CF200F04DF1 /* RealmErrorType.swift */ = {isa = PBXFileReference; lastKnownFileType = sourcecode.swift; path = RealmErrorType.swift; sourceTree = "<group>"; };
		3F4F178F2AE5B40100F04DF1 /* AlertMessageType.swift */ = {isa = PBXFileReference; lastKnownFileType = sourcecode.swift; path = AlertMessageType.swift; sourceTree = "<group>"; };
		3F8577DE2AF60F01004B988E /* StudentTableViewCell.swift */ = {isa = PBXFileReference; lastKnownFileType = sourcecode.swift; path = StudentTableViewCell.swift; sourceTree = "<group>"; };
		3F8E482A2B08E94D0083B49C /* UIViewController+Extension.swift */ = {isa = PBXFileReference; fileEncoding = 4; lastKnownFileType = sourcecode.swift; path = "UIViewController+Extension.swift"; sourceTree = "<group>"; };
		3F8E482B2B08E94D0083B49C /* UIAlertController+Extension.swift */ = {isa = PBXFileReference; fileEncoding = 4; lastKnownFileType = sourcecode.swift; path = "UIAlertController+Extension.swift"; sourceTree = "<group>"; };
		3F8E482C2B08E94D0083B49C /* String+Extension.swift */ = {isa = PBXFileReference; fileEncoding = 4; lastKnownFileType = sourcecode.swift; path = "String+Extension.swift"; sourceTree = "<group>"; };
		3F8E482D2B08E94D0083B49C /* Component.swift */ = {isa = PBXFileReference; fileEncoding = 4; lastKnownFileType = sourcecode.swift; path = Component.swift; sourceTree = "<group>"; };
		3F8E482E2B08E94D0083B49C /* UIButton+Extension.swift */ = {isa = PBXFileReference; fileEncoding = 4; lastKnownFileType = sourcecode.swift; path = "UIButton+Extension.swift"; sourceTree = "<group>"; };
		3F8E482F2B08E94D0083B49C /* Date+Extension.swift */ = {isa = PBXFileReference; fileEncoding = 4; lastKnownFileType = sourcecode.swift; path = "Date+Extension.swift"; sourceTree = "<group>"; };
		3F8E48302B08E94D0083B49C /* UITextField+Extension.swift */ = {isa = PBXFileReference; fileEncoding = 4; lastKnownFileType = sourcecode.swift; path = "UITextField+Extension.swift"; sourceTree = "<group>"; };
		3F8E48382B08EA290083B49C /* NotificaationName+Extention.swift */ = {isa = PBXFileReference; lastKnownFileType = sourcecode.swift; path = "NotificaationName+Extention.swift"; sourceTree = "<group>"; };
		3F9928E52B616A0E00F3DF59 /* CalendarDetailVIew.swift */ = {isa = PBXFileReference; lastKnownFileType = sourcecode.swift; path = CalendarDetailVIew.swift; sourceTree = "<group>"; };
		3F9928E72B616B5000F3DF59 /* CalendarDetailViewModel.swift */ = {isa = PBXFileReference; lastKnownFileType = sourcecode.swift; path = CalendarDetailViewModel.swift; sourceTree = "<group>"; };
		3F9928EA2B6172C800F3DF59 /* Pretendard-Medium.ttf */ = {isa = PBXFileReference; lastKnownFileType = file; path = "Pretendard-Medium.ttf"; sourceTree = "<group>"; };
		3F9928EB2B6172C800F3DF59 /* Pretendard-Bold.ttf */ = {isa = PBXFileReference; lastKnownFileType = file; path = "Pretendard-Bold.ttf"; sourceTree = "<group>"; };
		3F9928EE2B61795100F3DF59 /* TextFieldView.swift */ = {isa = PBXFileReference; lastKnownFileType = sourcecode.swift; path = TextFieldView.swift; sourceTree = "<group>"; };
		3F9928F02B617C9100F3DF59 /* TextButtonView.swift */ = {isa = PBXFileReference; lastKnownFileType = sourcecode.swift; path = TextButtonView.swift; sourceTree = "<group>"; };
		3F99FE2E2B08FB4400955171 /* AppVersionCheck.swift */ = {isa = PBXFileReference; lastKnownFileType = sourcecode.swift; path = AppVersionCheck.swift; sourceTree = "<group>"; };
		3FB8DB392AC46D4700BFCD46 /* TutoringSchedule.app */ = {isa = PBXFileReference; explicitFileType = wrapper.application; includeInIndex = 0; path = TutoringSchedule.app; sourceTree = BUILT_PRODUCTS_DIR; };
		3FB8DB3C2AC46D4700BFCD46 /* AppDelegate.swift */ = {isa = PBXFileReference; lastKnownFileType = sourcecode.swift; path = AppDelegate.swift; sourceTree = "<group>"; };
		3FB8DB3E2AC46D4700BFCD46 /* SceneDelegate.swift */ = {isa = PBXFileReference; lastKnownFileType = sourcecode.swift; path = SceneDelegate.swift; sourceTree = "<group>"; };
		3FB8DB402AC46D4700BFCD46 /* TabBarViewController.swift */ = {isa = PBXFileReference; lastKnownFileType = sourcecode.swift; path = TabBarViewController.swift; sourceTree = "<group>"; };
		3FB8DB452AC46D4800BFCD46 /* Assets.xcassets */ = {isa = PBXFileReference; lastKnownFileType = folder.assetcatalog; path = Assets.xcassets; sourceTree = "<group>"; };
		3FB8DB482AC46D4800BFCD46 /* Base */ = {isa = PBXFileReference; lastKnownFileType = file.storyboard; name = Base; path = Base.lproj/LaunchScreen.storyboard; sourceTree = "<group>"; };
		3FB8DB4A2AC46D4800BFCD46 /* Info.plist */ = {isa = PBXFileReference; lastKnownFileType = text.plist.xml; path = Info.plist; sourceTree = "<group>"; };
		3FB8DB532AC4712900BFCD46 /* en */ = {isa = PBXFileReference; lastKnownFileType = text.plist.strings; name = en; path = en.lproj/Localizable.strings; sourceTree = "<group>"; };
		3FB8DB552AC4715E00BFCD46 /* ko */ = {isa = PBXFileReference; lastKnownFileType = text.plist.strings; name = ko; path = ko.lproj/Localizable.strings; sourceTree = "<group>"; };
		3FB8DB5D2AC475B400BFCD46 /* BaseView.swift */ = {isa = PBXFileReference; lastKnownFileType = sourcecode.swift; path = BaseView.swift; sourceTree = "<group>"; };
		3FB8DB602AC47A6500BFCD46 /* CalendarViewController.swift */ = {isa = PBXFileReference; lastKnownFileType = sourcecode.swift; path = CalendarViewController.swift; sourceTree = "<group>"; };
		3FB8DB622AC47A8500BFCD46 /* CalendarView.swift */ = {isa = PBXFileReference; lastKnownFileType = sourcecode.swift; path = CalendarView.swift; sourceTree = "<group>"; };
		3FB8DB6D2AC764B700BFCD46 /* StudentManagementViewController.swift */ = {isa = PBXFileReference; lastKnownFileType = sourcecode.swift; path = StudentManagementViewController.swift; sourceTree = "<group>"; };
		3FB8DB6F2AC764C100BFCD46 /* StudentManagementView.swift */ = {isa = PBXFileReference; lastKnownFileType = sourcecode.swift; path = StudentManagementView.swift; sourceTree = "<group>"; };
		3FB8DB772AC76CD100BFCD46 /* EditClassViewController.swift */ = {isa = PBXFileReference; lastKnownFileType = sourcecode.swift; path = EditClassViewController.swift; sourceTree = "<group>"; };
		3FB8DB812ACA452000BFCD46 /* RealmRepository.swift */ = {isa = PBXFileReference; lastKnownFileType = sourcecode.swift; path = RealmRepository.swift; sourceTree = "<group>"; };
		3FBF0A972B092D3C00C3D620 /* CustomToast.swift */ = {isa = PBXFileReference; lastKnownFileType = sourcecode.swift; path = CustomToast.swift; sourceTree = "<group>"; };
		3FEADDB22AE9AA6C00FB6254 /* Settings.bundle */ = {isa = PBXFileReference; lastKnownFileType = "wrapper.plug-in"; path = Settings.bundle; sourceTree = "<group>"; };
		3FEADDBA2AEB98D900FB6254 /* en */ = {isa = PBXFileReference; lastKnownFileType = text.plist.strings; name = en; path = en.lproj/InfoPlist.strings; sourceTree = "<group>"; };
		3FEADDBC2AEB98DC00FB6254 /* ko */ = {isa = PBXFileReference; lastKnownFileType = text.plist.strings; name = ko; path = ko.lproj/InfoPlist.strings; sourceTree = "<group>"; };
		3FEADDCD2AF2A36A00FB6254 /* CalendarTableViewCell.swift */ = {isa = PBXFileReference; lastKnownFileType = sourcecode.swift; path = CalendarTableViewCell.swift; sourceTree = "<group>"; };
		3FED642F2B67E07600998089 /* Pretendard-SemiBold.ttf */ = {isa = PBXFileReference; lastKnownFileType = file; path = "Pretendard-SemiBold.ttf"; sourceTree = "<group>"; };
/* End PBXFileReference section */

/* Begin PBXFrameworksBuildPhase section */
		3FB8DB362AC46D4700BFCD46 /* Frameworks */ = {
			isa = PBXFrameworksBuildPhase;
			buildActionMask = 2147483647;
			files = (
				3FB8DB7E2ACA406800BFCD46 /* RealmSwift in Frameworks */,
				3F1343572ACCF967001FE7EA /* FirebaseAnalyticsWithoutAdIdSupport in Frameworks */,
				3FB8DB7B2AC76D6900BFCD46 /* TextFieldEffects in Frameworks */,
				3FEADDC12AEECA9A00FB6254 /* SnapKit in Frameworks */,
				3F1343592ACCF967001FE7EA /* FirebaseCrashlytics in Frameworks */,
				3FBF0A962B09292100C3D620 /* Toast in Frameworks */,
				3FB8DB672AC47B0400BFCD46 /* FSCalendar in Frameworks */,
			);
			runOnlyForDeploymentPostprocessing = 0;
		};
/* End PBXFrameworksBuildPhase section */

/* Begin PBXGroup section */
		3F13435D2ACFA86C001FE7EA /* ClassManagement */ = {
			isa = PBXGroup;
			children = (
				3F1343602ACFA889001FE7EA /* ClassManagementView.swift */,
				3F13435E2ACFA87D001FE7EA /* ClassManagementViewController.swift */,
				3F4F17702AE2E0C800F04DF1 /* ClassManagementViewModel.swift */,
				3F1343752AD6C2B5001FE7EA /* Edit */,
			);
			path = ClassManagement;
			sourceTree = "<group>";
		};
		3F1343622ACFD0AB001FE7EA /* Realm */ = {
			isa = PBXGroup;
			children = (
				3FB8DB812ACA452000BFCD46 /* RealmRepository.swift */,
				3F4F17672AE2DF6F00F04DF1 /* Table */,
			);
			path = Realm;
			sourceTree = "<group>";
		};
		3F13436B2AD2A6FD001FE7EA /* TabBar */ = {
			isa = PBXGroup;
			children = (
				3FB8DB402AC46D4700BFCD46 /* TabBarViewController.swift */,
			);
			path = TabBar;
			sourceTree = "<group>";
		};
		3F13436C2AD2A7F8001FE7EA /* Extension */ = {
			isa = PBXGroup;
			children = (
				3F8E482F2B08E94D0083B49C /* Date+Extension.swift */,
				3F8E482C2B08E94D0083B49C /* String+Extension.swift */,
				3F8E482B2B08E94D0083B49C /* UIAlertController+Extension.swift */,
				3F8E482E2B08E94D0083B49C /* UIButton+Extension.swift */,
				3F8E48302B08E94D0083B49C /* UITextField+Extension.swift */,
				3F8E482A2B08E94D0083B49C /* UIViewController+Extension.swift */,
				3F8E48382B08EA290083B49C /* NotificaationName+Extention.swift */,
			);
			path = Extension;
			sourceTree = "<group>";
		};
		3F1343752AD6C2B5001FE7EA /* Edit */ = {
			isa = PBXGroup;
			children = (
				3F1343692AD29C2B001FE7EA /* EditClassView.swift */,
				3FB8DB772AC76CD100BFCD46 /* EditClassViewController.swift */,
				3F4F17722AE2E4AE00F04DF1 /* EditClassViewModel.swift */,
				3F4F175D2AD9749D00F04DF1 /* StudentListViewController.swift */,
				3F1343312ACC2B4F001FE7EA /* DatePickHalfView.swift */,
			);
			path = Edit;
			sourceTree = "<group>";
		};
		3F1343782AD6C69F001FE7EA /* Edit */ = {
			isa = PBXGroup;
			children = (
				3F1343662AD29A51001FE7EA /* EditStudentView.swift */,
				3F1343762AD6C30C001FE7EA /* EditStudentViewController.swift */,
				3F4F17612AE1792800F04DF1 /* EditStudentViewModel.swift */,
			);
			path = Edit;
			sourceTree = "<group>";
		};
		3F21B39E2B6A4C4100BF67F7 /* LaunchScreen */ = {
			isa = PBXGroup;
			children = (
				3F21B3A52B6A4E2F00BF67F7 /* Splash.png */,
				3FB8DB472AC46D4800BFCD46 /* LaunchScreen.storyboard */,
			);
			path = LaunchScreen;
			sourceTree = "<group>";
		};
		3F4F17672AE2DF6F00F04DF1 /* Table */ = {
			isa = PBXGroup;
			children = (
				3F4F17682AE2DF8100F04DF1 /* StudentTable.swift */,
				3F4F176A2AE2DFCB00F04DF1 /* ClassTable.swift */,
				3F4F176C2AE2DFEA00F04DF1 /* ScheduleTable.swift */,
				3F4F176E2AE2DFF800F04DF1 /* CalendarTable.swift */,
			);
			path = Table;
			sourceTree = "<group>";
		};
		3F4F17832AE595E100F04DF1 /* Common */ = {
			isa = PBXGroup;
			children = (
				3FB8DB5D2AC475B400BFCD46 /* BaseView.swift */,
				3F4F17632AE1807F00F04DF1 /* Observable.swift */,
				3F99FE2E2B08FB4400955171 /* AppVersionCheck.swift */,
				3FBF0A972B092D3C00C3D620 /* CustomToast.swift */,
				3F9928F32B617CC500F3DF59 /* Design */,
				3F1343622ACFD0AB001FE7EA /* Realm */,
				3F4F17842AE5996B00F04DF1 /* Model */,
				3F13436C2AD2A7F8001FE7EA /* Extension */,
			);
			path = Common;
			sourceTree = "<group>";
		};
		3F4F17842AE5996B00F04DF1 /* Model */ = {
			isa = PBXGroup;
			children = (
				3F4F17852AE5998D00F04DF1 /* EditType.swift */,
				3F4F178C2AE5A9C600F04DF1 /* Error */,
			);
			path = Model;
			sourceTree = "<group>";
		};
		3F4F178C2AE5A9C600F04DF1 /* Error */ = {
			isa = PBXGroup;
			children = (
				3F4F178A2AE59CF200F04DF1 /* RealmErrorType.swift */,
				3F4F178F2AE5B40100F04DF1 /* AlertMessageType.swift */,
			);
			path = Error;
			sourceTree = "<group>";
		};
		3F9928E42B6169F100F3DF59 /* Detail */ = {
			isa = PBXGroup;
			children = (
				3F9928E52B616A0E00F3DF59 /* CalendarDetailVIew.swift */,
				3FEADDCD2AF2A36A00FB6254 /* CalendarTableViewCell.swift */,
				3F21E5202B60F3000060F8E8 /* CalendarDetailViewController.swift */,
				3F9928E72B616B5000F3DF59 /* CalendarDetailViewModel.swift */,
			);
			path = Detail;
			sourceTree = "<group>";
		};
		3F9928E92B6172B600F3DF59 /* Font */ = {
			isa = PBXGroup;
			children = (
				3F9928EA2B6172C800F3DF59 /* Pretendard-Medium.ttf */,
				3FED642F2B67E07600998089 /* Pretendard-SemiBold.ttf */,
				3F9928EB2B6172C800F3DF59 /* Pretendard-Bold.ttf */,
			);
			path = Font;
			sourceTree = "<group>";
		};
		3F9928F32B617CC500F3DF59 /* Design */ = {
			isa = PBXGroup;
			children = (
				3F8E482D2B08E94D0083B49C /* Component.swift */,
				3F9928EE2B61795100F3DF59 /* TextFieldView.swift */,
				3F9928F02B617C9100F3DF59 /* TextButtonView.swift */,
			);
			path = Design;
			sourceTree = "<group>";
		};
		3FB8DB302AC46D4700BFCD46 = {
			isa = PBXGroup;
			children = (
				3FEADDB22AE9AA6C00FB6254 /* Settings.bundle */,
				3FB8DB3B2AC46D4700BFCD46 /* TutoringSchedule */,
				3FB8DB3A2AC46D4700BFCD46 /* Products */,
			);
			sourceTree = "<group>";
		};
		3FB8DB3A2AC46D4700BFCD46 /* Products */ = {
			isa = PBXGroup;
			children = (
				3FB8DB392AC46D4700BFCD46 /* TutoringSchedule.app */,
			);
			name = Products;
			sourceTree = "<group>";
		};
		3FB8DB3B2AC46D4700BFCD46 /* TutoringSchedule */ = {
			isa = PBXGroup;
			children = (
				3F4F17832AE595E100F04DF1 /* Common */,
				3F13436B2AD2A6FD001FE7EA /* TabBar */,
				3FB8DB642AC47A8F00BFCD46 /* Calendar */,
				3FB8DB712AC764C700BFCD46 /* StudentManagement */,
				3F13435D2ACFA86C001FE7EA /* ClassManagement */,
				3FB8DB5F2AC4793C00BFCD46 /* Delegate */,
				3FB8DB542AC4712900BFCD46 /* Localizable.strings */,
				3FEADDBB2AEB98D900FB6254 /* InfoPlist.strings */,
				3F1343532ACCF7EF001FE7EA /* GoogleService-Info.plist */,
				3F9928E92B6172B600F3DF59 /* Font */,
				3F21B39E2B6A4C4100BF67F7 /* LaunchScreen */,
				3FB8DB4A2AC46D4800BFCD46 /* Info.plist */,
				3FB8DB452AC46D4800BFCD46 /* Assets.xcassets */,
			);
			path = TutoringSchedule;
			sourceTree = "<group>";
		};
		3FB8DB5F2AC4793C00BFCD46 /* Delegate */ = {
			isa = PBXGroup;
			children = (
				3FB8DB3C2AC46D4700BFCD46 /* AppDelegate.swift */,
				3FB8DB3E2AC46D4700BFCD46 /* SceneDelegate.swift */,
			);
			path = Delegate;
			sourceTree = "<group>";
		};
		3FB8DB642AC47A8F00BFCD46 /* Calendar */ = {
			isa = PBXGroup;
			children = (
				3FB8DB622AC47A8500BFCD46 /* CalendarView.swift */,
				3FB8DB602AC47A6500BFCD46 /* CalendarViewController.swift */,
				3F4F17752AE2EEA300F04DF1 /* CalendarViewModel.swift */,
				3F9928E42B6169F100F3DF59 /* Detail */,
			);
			path = Calendar;
			sourceTree = "<group>";
		};
		3FB8DB712AC764C700BFCD46 /* StudentManagement */ = {
			isa = PBXGroup;
			children = (
				3F8577DE2AF60F01004B988E /* StudentTableViewCell.swift */,
				3FB8DB6F2AC764C100BFCD46 /* StudentManagementView.swift */,
				3FB8DB6D2AC764B700BFCD46 /* StudentManagementViewController.swift */,
				3F4F17652AE2AAAB00F04DF1 /* StudentManagementViewModel.swift */,
				3F1343782AD6C69F001FE7EA /* Edit */,
			);
			path = StudentManagement;
			sourceTree = "<group>";
		};
/* End PBXGroup section */

/* Begin PBXNativeTarget section */
		3FB8DB382AC46D4700BFCD46 /* TutoringSchedule */ = {
			isa = PBXNativeTarget;
			buildConfigurationList = 3FB8DB4D2AC46D4800BFCD46 /* Build configuration list for PBXNativeTarget "TutoringSchedule" */;
			buildPhases = (
				3FB8DB352AC46D4700BFCD46 /* Sources */,
				3FB8DB362AC46D4700BFCD46 /* Frameworks */,
				3FB8DB372AC46D4700BFCD46 /* Resources */,
				3F13435A2ACCFFFE001FE7EA /* ShellScript */,
			);
			buildRules = (
			);
			dependencies = (
			);
			name = TutoringSchedule;
			packageProductDependencies = (
				3FB8DB662AC47B0400BFCD46 /* FSCalendar */,
				3FB8DB7A2AC76D6900BFCD46 /* TextFieldEffects */,
				3FB8DB7D2ACA406800BFCD46 /* RealmSwift */,
				3F1343562ACCF967001FE7EA /* FirebaseAnalyticsWithoutAdIdSupport */,
				3F1343582ACCF967001FE7EA /* FirebaseCrashlytics */,
				3FEADDC02AEECA9A00FB6254 /* SnapKit */,
				3FBF0A952B09292100C3D620 /* Toast */,
			);
			productName = TutoringSchedule;
			productReference = 3FB8DB392AC46D4700BFCD46 /* TutoringSchedule.app */;
			productType = "com.apple.product-type.application";
		};
/* End PBXNativeTarget section */

/* Begin PBXProject section */
		3FB8DB312AC46D4700BFCD46 /* Project object */ = {
			isa = PBXProject;
			attributes = {
				BuildIndependentTargetsInParallel = 1;
				LastSwiftUpdateCheck = 1430;
				LastUpgradeCheck = 1430;
				TargetAttributes = {
					3FB8DB382AC46D4700BFCD46 = {
						CreatedOnToolsVersion = 14.3;
					};
				};
			};
			buildConfigurationList = 3FB8DB342AC46D4700BFCD46 /* Build configuration list for PBXProject "TutoringSchedule" */;
			compatibilityVersion = "Xcode 14.0";
			developmentRegion = en;
			hasScannedForEncodings = 0;
			knownRegions = (
				en,
				Base,
				ko,
			);
			mainGroup = 3FB8DB302AC46D4700BFCD46;
			packageReferences = (
				3FB8DB652AC47B0400BFCD46 /* XCRemoteSwiftPackageReference "FSCalendar" */,
				3FB8DB792AC76D6900BFCD46 /* XCRemoteSwiftPackageReference "TextFieldEffects" */,
				3FB8DB7C2ACA406800BFCD46 /* XCRemoteSwiftPackageReference "realm-swift" */,
				3F1343552ACCF967001FE7EA /* XCRemoteSwiftPackageReference "firebase-ios-sdk" */,
				3FEADDBF2AEECA9A00FB6254 /* XCRemoteSwiftPackageReference "SnapKit" */,
				3FBF0A942B09292100C3D620 /* XCRemoteSwiftPackageReference "Toast-Swift" */,
			);
			productRefGroup = 3FB8DB3A2AC46D4700BFCD46 /* Products */;
			projectDirPath = "";
			projectRoot = "";
			targets = (
				3FB8DB382AC46D4700BFCD46 /* TutoringSchedule */,
			);
		};
/* End PBXProject section */

/* Begin PBXResourcesBuildPhase section */
		3FB8DB372AC46D4700BFCD46 /* Resources */ = {
			isa = PBXResourcesBuildPhase;
			buildActionMask = 2147483647;
			files = (
				3FED64302B67E07600998089 /* Pretendard-SemiBold.ttf in Resources */,
				3FB8DB492AC46D4800BFCD46 /* LaunchScreen.storyboard in Resources */,
				3FEADDB92AEB98D900FB6254 /* InfoPlist.strings in Resources */,
				3F1343542ACCF7EF001FE7EA /* GoogleService-Info.plist in Resources */,
				3FEADDB32AE9AA6C00FB6254 /* Settings.bundle in Resources */,
				3FB8DB522AC4712900BFCD46 /* Localizable.strings in Resources */,
				3F9928EC2B6172C800F3DF59 /* Pretendard-Medium.ttf in Resources */,
				3F9928ED2B6172C800F3DF59 /* Pretendard-Bold.ttf in Resources */,
				3F21B3A62B6A4E2F00BF67F7 /* Splash.png in Resources */,
				3FB8DB462AC46D4800BFCD46 /* Assets.xcassets in Resources */,
			);
			runOnlyForDeploymentPostprocessing = 0;
		};
/* End PBXResourcesBuildPhase section */

/* Begin PBXShellScriptBuildPhase section */
		3F13435A2ACCFFFE001FE7EA /* ShellScript */ = {
			isa = PBXShellScriptBuildPhase;
			buildActionMask = 2147483647;
			files = (
			);
			inputFileListPaths = (
			);
			inputPaths = (
				"${DWARF_DSYM_FOLDER_PATH}/${DWARF_DSYM_FILE_NAME}",
				"${DWARF_DSYM_FOLDER_PATH}/${DWARF_DSYM_FILE_NAME}/Contents/Resources/DWARF/${PRODUCT_NAME}",
				"${DWARF_DSYM_FOLDER_PATH}/${DWARF_DSYM_FILE_NAME}/Contents/Info.plist",
				"$(BUILT_PRODUCTS_DIR)/$(UNLOCALIZED_RESOURCES_FOLDER_PATH)/GoogleService-Info.plist",
				"$(BUILT_PRODUCTS_DIR)/$(EXECUTABLE_PATH)",
			);
			outputFileListPaths = (
			);
			outputPaths = (
			);
			runOnlyForDeploymentPostprocessing = 0;
			shellPath = /bin/sh;
			shellScript = "# Type a script or drag a script file from your workspace to insert its path.\n\"${BUILD_DIR%/Build/*}/SourcePackages/checkouts/firebase-ios-sdk/Crashlytics/run\"\n";
		};
/* End PBXShellScriptBuildPhase section */

/* Begin PBXSourcesBuildPhase section */
		3FB8DB352AC46D4700BFCD46 /* Sources */ = {
			isa = PBXSourcesBuildPhase;
			buildActionMask = 2147483647;
			files = (
				3FB8DB612AC47A6500BFCD46 /* CalendarViewController.swift in Sources */,
				3F8E48322B08E94D0083B49C /* UIAlertController+Extension.swift in Sources */,
				3F99FE2F2B08FB4400955171 /* AppVersionCheck.swift in Sources */,
				3F9928EF2B61795100F3DF59 /* TextFieldView.swift in Sources */,
				3F4F17862AE5998D00F04DF1 /* EditType.swift in Sources */,
				3F8E48362B08E94D0083B49C /* Date+Extension.swift in Sources */,
				3F4F176B2AE2DFCB00F04DF1 /* ClassTable.swift in Sources */,
				3FB8DB632AC47A8500BFCD46 /* CalendarView.swift in Sources */,
				3F1343672AD29A51001FE7EA /* EditStudentView.swift in Sources */,
				3F1343612ACFA889001FE7EA /* ClassManagementView.swift in Sources */,
				3F9928E82B616B5000F3DF59 /* CalendarDetailViewModel.swift in Sources */,
				3FBF0A982B092D3C00C3D620 /* CustomToast.swift in Sources */,
				3FB8DB412AC46D4700BFCD46 /* TabBarViewController.swift in Sources */,
				3FB8DB782AC76CD100BFCD46 /* EditClassViewController.swift in Sources */,
				3F8577DF2AF60F01004B988E /* StudentTableViewCell.swift in Sources */,
				3F13435F2ACFA87D001FE7EA /* ClassManagementViewController.swift in Sources */,
				3FB8DB6E2AC764B700BFCD46 /* StudentManagementViewController.swift in Sources */,
				3F9928E62B616A0E00F3DF59 /* CalendarDetailVIew.swift in Sources */,
				3F8E48342B08E94D0083B49C /* Component.swift in Sources */,
				3F8E48312B08E94D0083B49C /* UIViewController+Extension.swift in Sources */,
				3F13436A2AD29C2B001FE7EA /* EditClassView.swift in Sources */,
				3FB8DB3D2AC46D4700BFCD46 /* AppDelegate.swift in Sources */,
				3F9928F12B617C9100F3DF59 /* TextButtonView.swift in Sources */,
				3F4F178B2AE59CF200F04DF1 /* RealmErrorType.swift in Sources */,
				3F4F17642AE1807F00F04DF1 /* Observable.swift in Sources */,
				3FEADDCF2AF2A36A00FB6254 /* CalendarTableViewCell.swift in Sources */,
				3FB8DB5E2AC475B400BFCD46 /* BaseView.swift in Sources */,
				3F8E48392B08EA290083B49C /* NotificaationName+Extention.swift in Sources */,
				3FB8DB702AC764C100BFCD46 /* StudentManagementView.swift in Sources */,
				3F4F176D2AE2DFEA00F04DF1 /* ScheduleTable.swift in Sources */,
				3FB8DB822ACA452000BFCD46 /* RealmRepository.swift in Sources */,
				3F8E48372B08E94D0083B49C /* UITextField+Extension.swift in Sources */,
				3F8E48332B08E94D0083B49C /* String+Extension.swift in Sources */,
				3F4F175E2AD9749D00F04DF1 /* StudentListViewController.swift in Sources */,
				3FB8DB3F2AC46D4700BFCD46 /* SceneDelegate.swift in Sources */,
				3F1343772AD6C30C001FE7EA /* EditStudentViewController.swift in Sources */,
				3F4F17732AE2E4AE00F04DF1 /* EditClassViewModel.swift in Sources */,
				3F4F17762AE2EEA300F04DF1 /* CalendarViewModel.swift in Sources */,
				3F1343322ACC2B4F001FE7EA /* DatePickHalfView.swift in Sources */,
				3F4F17692AE2DF8100F04DF1 /* StudentTable.swift in Sources */,
				3F4F17902AE5B40100F04DF1 /* AlertMessageType.swift in Sources */,
				3F8E48352B08E94D0083B49C /* UIButton+Extension.swift in Sources */,
				3F21E5212B60F3000060F8E8 /* CalendarDetailViewController.swift in Sources */,
				3F4F17622AE1792800F04DF1 /* EditStudentViewModel.swift in Sources */,
				3F4F17712AE2E0C800F04DF1 /* ClassManagementViewModel.swift in Sources */,
				3F4F17662AE2AAAB00F04DF1 /* StudentManagementViewModel.swift in Sources */,
				3F4F176F2AE2DFF800F04DF1 /* CalendarTable.swift in Sources */,
			);
			runOnlyForDeploymentPostprocessing = 0;
		};
/* End PBXSourcesBuildPhase section */

/* Begin PBXVariantGroup section */
		3FB8DB472AC46D4800BFCD46 /* LaunchScreen.storyboard */ = {
			isa = PBXVariantGroup;
			children = (
				3FB8DB482AC46D4800BFCD46 /* Base */,
			);
			name = LaunchScreen.storyboard;
			sourceTree = "<group>";
		};
		3FB8DB542AC4712900BFCD46 /* Localizable.strings */ = {
			isa = PBXVariantGroup;
			children = (
				3FB8DB532AC4712900BFCD46 /* en */,
				3FB8DB552AC4715E00BFCD46 /* ko */,
			);
			name = Localizable.strings;
			sourceTree = "<group>";
		};
		3FEADDBB2AEB98D900FB6254 /* InfoPlist.strings */ = {
			isa = PBXVariantGroup;
			children = (
				3FEADDBA2AEB98D900FB6254 /* en */,
				3FEADDBC2AEB98DC00FB6254 /* ko */,
			);
			name = InfoPlist.strings;
			sourceTree = "<group>";
		};
/* End PBXVariantGroup section */

/* Begin XCBuildConfiguration section */
		3FB8DB4B2AC46D4800BFCD46 /* Debug */ = {
			isa = XCBuildConfiguration;
			buildSettings = {
				ALWAYS_SEARCH_USER_PATHS = NO;
				CLANG_ANALYZER_LOCALIZABILITY_NONLOCALIZED = YES;
				CLANG_ANALYZER_NONNULL = YES;
				CLANG_ANALYZER_NUMBER_OBJECT_CONVERSION = YES_AGGRESSIVE;
				CLANG_CXX_LANGUAGE_STANDARD = "gnu++20";
				CLANG_ENABLE_MODULES = YES;
				CLANG_ENABLE_OBJC_ARC = YES;
				CLANG_ENABLE_OBJC_WEAK = YES;
				CLANG_WARN_BLOCK_CAPTURE_AUTORELEASING = YES;
				CLANG_WARN_BOOL_CONVERSION = YES;
				CLANG_WARN_COMMA = YES;
				CLANG_WARN_CONSTANT_CONVERSION = YES;
				CLANG_WARN_DEPRECATED_OBJC_IMPLEMENTATIONS = YES;
				CLANG_WARN_DIRECT_OBJC_ISA_USAGE = YES_ERROR;
				CLANG_WARN_DOCUMENTATION_COMMENTS = YES;
				CLANG_WARN_EMPTY_BODY = YES;
				CLANG_WARN_ENUM_CONVERSION = YES;
				CLANG_WARN_INFINITE_RECURSION = YES;
				CLANG_WARN_INT_CONVERSION = YES;
				CLANG_WARN_NON_LITERAL_NULL_CONVERSION = YES;
				CLANG_WARN_OBJC_IMPLICIT_RETAIN_SELF = YES;
				CLANG_WARN_OBJC_LITERAL_CONVERSION = YES;
				CLANG_WARN_OBJC_ROOT_CLASS = YES_ERROR;
				CLANG_WARN_QUOTED_INCLUDE_IN_FRAMEWORK_HEADER = YES;
				CLANG_WARN_RANGE_LOOP_ANALYSIS = YES;
				CLANG_WARN_STRICT_PROTOTYPES = YES;
				CLANG_WARN_SUSPICIOUS_MOVE = YES;
				CLANG_WARN_UNGUARDED_AVAILABILITY = YES_AGGRESSIVE;
				CLANG_WARN_UNREACHABLE_CODE = YES;
				CLANG_WARN__DUPLICATE_METHOD_MATCH = YES;
				COPY_PHASE_STRIP = NO;
				DEBUG_INFORMATION_FORMAT = dwarf;
				ENABLE_STRICT_OBJC_MSGSEND = YES;
				ENABLE_TESTABILITY = YES;
				GCC_C_LANGUAGE_STANDARD = gnu11;
				GCC_DYNAMIC_NO_PIC = NO;
				GCC_NO_COMMON_BLOCKS = YES;
				GCC_OPTIMIZATION_LEVEL = 0;
				GCC_PREPROCESSOR_DEFINITIONS = (
					"DEBUG=1",
					"$(inherited)",
				);
				GCC_WARN_64_TO_32_BIT_CONVERSION = YES;
				GCC_WARN_ABOUT_RETURN_TYPE = YES_ERROR;
				GCC_WARN_UNDECLARED_SELECTOR = YES;
				GCC_WARN_UNINITIALIZED_AUTOS = YES_AGGRESSIVE;
				GCC_WARN_UNUSED_FUNCTION = YES;
				GCC_WARN_UNUSED_VARIABLE = YES;
				IPHONEOS_DEPLOYMENT_TARGET = 16.4;
				MTL_ENABLE_DEBUG_INFO = INCLUDE_SOURCE;
				MTL_FAST_MATH = YES;
				ONLY_ACTIVE_ARCH = YES;
				SDKROOT = iphoneos;
				SWIFT_ACTIVE_COMPILATION_CONDITIONS = DEBUG;
				SWIFT_OPTIMIZATION_LEVEL = "-Onone";
			};
			name = Debug;
		};
		3FB8DB4C2AC46D4800BFCD46 /* Release */ = {
			isa = XCBuildConfiguration;
			buildSettings = {
				ALWAYS_SEARCH_USER_PATHS = NO;
				CLANG_ANALYZER_LOCALIZABILITY_NONLOCALIZED = YES;
				CLANG_ANALYZER_NONNULL = YES;
				CLANG_ANALYZER_NUMBER_OBJECT_CONVERSION = YES_AGGRESSIVE;
				CLANG_CXX_LANGUAGE_STANDARD = "gnu++20";
				CLANG_ENABLE_MODULES = YES;
				CLANG_ENABLE_OBJC_ARC = YES;
				CLANG_ENABLE_OBJC_WEAK = YES;
				CLANG_WARN_BLOCK_CAPTURE_AUTORELEASING = YES;
				CLANG_WARN_BOOL_CONVERSION = YES;
				CLANG_WARN_COMMA = YES;
				CLANG_WARN_CONSTANT_CONVERSION = YES;
				CLANG_WARN_DEPRECATED_OBJC_IMPLEMENTATIONS = YES;
				CLANG_WARN_DIRECT_OBJC_ISA_USAGE = YES_ERROR;
				CLANG_WARN_DOCUMENTATION_COMMENTS = YES;
				CLANG_WARN_EMPTY_BODY = YES;
				CLANG_WARN_ENUM_CONVERSION = YES;
				CLANG_WARN_INFINITE_RECURSION = YES;
				CLANG_WARN_INT_CONVERSION = YES;
				CLANG_WARN_NON_LITERAL_NULL_CONVERSION = YES;
				CLANG_WARN_OBJC_IMPLICIT_RETAIN_SELF = YES;
				CLANG_WARN_OBJC_LITERAL_CONVERSION = YES;
				CLANG_WARN_OBJC_ROOT_CLASS = YES_ERROR;
				CLANG_WARN_QUOTED_INCLUDE_IN_FRAMEWORK_HEADER = YES;
				CLANG_WARN_RANGE_LOOP_ANALYSIS = YES;
				CLANG_WARN_STRICT_PROTOTYPES = YES;
				CLANG_WARN_SUSPICIOUS_MOVE = YES;
				CLANG_WARN_UNGUARDED_AVAILABILITY = YES_AGGRESSIVE;
				CLANG_WARN_UNREACHABLE_CODE = YES;
				CLANG_WARN__DUPLICATE_METHOD_MATCH = YES;
				COPY_PHASE_STRIP = NO;
				DEBUG_INFORMATION_FORMAT = "dwarf-with-dsym";
				ENABLE_NS_ASSERTIONS = NO;
				ENABLE_STRICT_OBJC_MSGSEND = YES;
				GCC_C_LANGUAGE_STANDARD = gnu11;
				GCC_NO_COMMON_BLOCKS = YES;
				GCC_WARN_64_TO_32_BIT_CONVERSION = YES;
				GCC_WARN_ABOUT_RETURN_TYPE = YES_ERROR;
				GCC_WARN_UNDECLARED_SELECTOR = YES;
				GCC_WARN_UNINITIALIZED_AUTOS = YES_AGGRESSIVE;
				GCC_WARN_UNUSED_FUNCTION = YES;
				GCC_WARN_UNUSED_VARIABLE = YES;
				IPHONEOS_DEPLOYMENT_TARGET = 16.4;
				MTL_ENABLE_DEBUG_INFO = NO;
				MTL_FAST_MATH = YES;
				SDKROOT = iphoneos;
				SWIFT_COMPILATION_MODE = wholemodule;
				SWIFT_OPTIMIZATION_LEVEL = "-O";
				VALIDATE_PRODUCT = YES;
			};
			name = Release;
		};
		3FB8DB4E2AC46D4800BFCD46 /* Debug */ = {
			isa = XCBuildConfiguration;
			buildSettings = {
				ASSETCATALOG_COMPILER_APPICON_NAME = AppIcon;
				ASSETCATALOG_COMPILER_GLOBAL_ACCENT_COLOR_NAME = AccentColor;
				CODE_SIGN_IDENTITY = "Apple Development";
				CODE_SIGN_STYLE = Automatic;
				CURRENT_PROJECT_VERSION = 1;
				DEBUG_INFORMATION_FORMAT = "dwarf-with-dsym";
				DEVELOPMENT_TEAM = NFCS5T44FS;
				GENERATE_INFOPLIST_FILE = YES;
				INFOPLIST_FILE = TutoringSchedule/Info.plist;
				INFOPLIST_KEY_UIApplicationSupportsIndirectInputEvents = YES;
				INFOPLIST_KEY_UILaunchStoryboardName = LaunchScreen;
				INFOPLIST_KEY_UISupportedInterfaceOrientations = UIInterfaceOrientationPortrait;
				INFOPLIST_KEY_UISupportedInterfaceOrientations_iPad = "UIInterfaceOrientationLandscapeLeft UIInterfaceOrientationLandscapeRight UIInterfaceOrientationPortrait UIInterfaceOrientationPortraitUpsideDown";
				INFOPLIST_KEY_UIUserInterfaceStyle = Light;
				IPHONEOS_DEPLOYMENT_TARGET = 15.0;
				LD_RUNPATH_SEARCH_PATHS = (
					"$(inherited)",
					"@executable_path/Frameworks",
				);
				MARKETING_VERSION = 1.2.1;
				PRODUCT_BUNDLE_IDENTIFIER = com.HaEun.TutoringSchedule;
				PRODUCT_NAME = "$(TARGET_NAME)";
				PROVISIONING_PROFILE_SPECIFIER = "";
				SUPPORTED_PLATFORMS = "iphoneos iphonesimulator";
				SUPPORTS_MACCATALYST = NO;
				SUPPORTS_MAC_DESIGNED_FOR_IPHONE_IPAD = NO;
				SWIFT_EMIT_LOC_STRINGS = YES;
				SWIFT_VERSION = 5.0;
				TARGETED_DEVICE_FAMILY = 1;
			};
			name = Debug;
		};
		3FB8DB4F2AC46D4800BFCD46 /* Release */ = {
			isa = XCBuildConfiguration;
			buildSettings = {
				ASSETCATALOG_COMPILER_APPICON_NAME = AppIcon;
				ASSETCATALOG_COMPILER_GLOBAL_ACCENT_COLOR_NAME = AccentColor;
				CODE_SIGN_IDENTITY = "Apple Development";
				CODE_SIGN_STYLE = Automatic;
				CURRENT_PROJECT_VERSION = 1;
				DEVELOPMENT_TEAM = NFCS5T44FS;
				GENERATE_INFOPLIST_FILE = YES;
				INFOPLIST_FILE = TutoringSchedule/Info.plist;
				INFOPLIST_KEY_UIApplicationSupportsIndirectInputEvents = YES;
				INFOPLIST_KEY_UILaunchStoryboardName = LaunchScreen;
				INFOPLIST_KEY_UISupportedInterfaceOrientations = UIInterfaceOrientationPortrait;
				INFOPLIST_KEY_UISupportedInterfaceOrientations_iPad = "UIInterfaceOrientationLandscapeLeft UIInterfaceOrientationLandscapeRight UIInterfaceOrientationPortrait UIInterfaceOrientationPortraitUpsideDown";
				INFOPLIST_KEY_UIUserInterfaceStyle = Light;
				IPHONEOS_DEPLOYMENT_TARGET = 15.0;
				LD_RUNPATH_SEARCH_PATHS = (
					"$(inherited)",
					"@executable_path/Frameworks",
				);
				MARKETING_VERSION = 1.2.1;
				PRODUCT_BUNDLE_IDENTIFIER = com.HaEun.TutoringSchedule;
				PRODUCT_NAME = "$(TARGET_NAME)";
				PROVISIONING_PROFILE_SPECIFIER = "";
				SUPPORTED_PLATFORMS = "iphoneos iphonesimulator";
				SUPPORTS_MACCATALYST = NO;
				SUPPORTS_MAC_DESIGNED_FOR_IPHONE_IPAD = NO;
				SWIFT_EMIT_LOC_STRINGS = YES;
				SWIFT_VERSION = 5.0;
				TARGETED_DEVICE_FAMILY = 1;
			};
			name = Release;
		};
/* End XCBuildConfiguration section */

/* Begin XCConfigurationList section */
		3FB8DB342AC46D4700BFCD46 /* Build configuration list for PBXProject "TutoringSchedule" */ = {
			isa = XCConfigurationList;
			buildConfigurations = (
				3FB8DB4B2AC46D4800BFCD46 /* Debug */,
				3FB8DB4C2AC46D4800BFCD46 /* Release */,
			);
			defaultConfigurationIsVisible = 0;
			defaultConfigurationName = Debug;
		};
		3FB8DB4D2AC46D4800BFCD46 /* Build configuration list for PBXNativeTarget "TutoringSchedule" */ = {
			isa = XCConfigurationList;
			buildConfigurations = (
				3FB8DB4E2AC46D4800BFCD46 /* Debug */,
				3FB8DB4F2AC46D4800BFCD46 /* Release */,
			);
			defaultConfigurationIsVisible = 0;
			defaultConfigurationName = Debug;
		};
/* End XCConfigurationList section */

/* Begin XCRemoteSwiftPackageReference section */
		3F1343552ACCF967001FE7EA /* XCRemoteSwiftPackageReference "firebase-ios-sdk" */ = {
			isa = XCRemoteSwiftPackageReference;
			repositoryURL = "https://github.com/firebase/firebase-ios-sdk";
			requirement = {
				kind = upToNextMajorVersion;
				minimumVersion = 10.0.0;
			};
		};
		3FB8DB652AC47B0400BFCD46 /* XCRemoteSwiftPackageReference "FSCalendar" */ = {
			isa = XCRemoteSwiftPackageReference;
			repositoryURL = "https://github.com/WenchaoD/FSCalendar";
			requirement = {
				kind = upToNextMajorVersion;
				minimumVersion = 2.0.0;
			};
		};
		3FB8DB792AC76D6900BFCD46 /* XCRemoteSwiftPackageReference "TextFieldEffects" */ = {
			isa = XCRemoteSwiftPackageReference;
			repositoryURL = "https://github.com/raulriera/TextFieldEffects";
			requirement = {
				kind = upToNextMajorVersion;
				minimumVersion = 1.0.0;
			};
		};
		3FB8DB7C2ACA406800BFCD46 /* XCRemoteSwiftPackageReference "realm-swift" */ = {
			isa = XCRemoteSwiftPackageReference;
			repositoryURL = "https://github.com/realm/realm-swift";
			requirement = {
				branch = master;
				kind = branch;
			};
		};
		3FBF0A942B09292100C3D620 /* XCRemoteSwiftPackageReference "Toast-Swift" */ = {
			isa = XCRemoteSwiftPackageReference;
			repositoryURL = "https://github.com/scalessec/Toast-Swift";
			requirement = {
				kind = upToNextMajorVersion;
				minimumVersion = 5.0.1;
			};
		};
		3FEADDBF2AEECA9A00FB6254 /* XCRemoteSwiftPackageReference "SnapKit" */ = {
			isa = XCRemoteSwiftPackageReference;
			repositoryURL = "https://github.com/SnapKit/SnapKit";
			requirement = {
				kind = upToNextMajorVersion;
				minimumVersion = 5.0.0;
			};
		};
/* End XCRemoteSwiftPackageReference section */

/* Begin XCSwiftPackageProductDependency section */
		3F1343562ACCF967001FE7EA /* FirebaseAnalyticsWithoutAdIdSupport */ = {
			isa = XCSwiftPackageProductDependency;
			package = 3F1343552ACCF967001FE7EA /* XCRemoteSwiftPackageReference "firebase-ios-sdk" */;
			productName = FirebaseAnalyticsWithoutAdIdSupport;
		};
		3F1343582ACCF967001FE7EA /* FirebaseCrashlytics */ = {
			isa = XCSwiftPackageProductDependency;
			package = 3F1343552ACCF967001FE7EA /* XCRemoteSwiftPackageReference "firebase-ios-sdk" */;
			productName = FirebaseCrashlytics;
		};
		3FB8DB662AC47B0400BFCD46 /* FSCalendar */ = {
			isa = XCSwiftPackageProductDependency;
			package = 3FB8DB652AC47B0400BFCD46 /* XCRemoteSwiftPackageReference "FSCalendar" */;
			productName = FSCalendar;
		};
		3FB8DB7A2AC76D6900BFCD46 /* TextFieldEffects */ = {
			isa = XCSwiftPackageProductDependency;
			package = 3FB8DB792AC76D6900BFCD46 /* XCRemoteSwiftPackageReference "TextFieldEffects" */;
			productName = TextFieldEffects;
		};
		3FB8DB7D2ACA406800BFCD46 /* RealmSwift */ = {
			isa = XCSwiftPackageProductDependency;
			package = 3FB8DB7C2ACA406800BFCD46 /* XCRemoteSwiftPackageReference "realm-swift" */;
			productName = RealmSwift;
		};
		3FBF0A952B09292100C3D620 /* Toast */ = {
			isa = XCSwiftPackageProductDependency;
			package = 3FBF0A942B09292100C3D620 /* XCRemoteSwiftPackageReference "Toast-Swift" */;
			productName = Toast;
		};
		3FEADDC02AEECA9A00FB6254 /* SnapKit */ = {
			isa = XCSwiftPackageProductDependency;
			package = 3FEADDBF2AEECA9A00FB6254 /* XCRemoteSwiftPackageReference "SnapKit" */;
			productName = SnapKit;
		};
/* End XCSwiftPackageProductDependency section */
	};
	rootObject = 3FB8DB312AC46D4700BFCD46 /* Project object */;
}
